
Microsoft Visual Studio Solution File, Format Version 12.00
# Visual Studio 15
VisualStudioVersion = 15.0.27703.2035
MinimumVisualStudioVersion = 10.0.40219.1
Project("{8BC9CEB8-8B4A-11D0-8D11-00A0C91BC942}") = "Solver", "Solver\Solver.vcxproj", "{56943A84-2134-44AE-81B9-990E01250A48}"
	ProjectSection(ProjectDependencies) = postProject
		{03FDAE50-62C6-463A-8235-764094E593E7} = {03FDAE50-62C6-463A-8235-764094E593E7}
	EndProjectSection
EndProject
Project("{8BC9CEB8-8B4A-11D0-8D11-00A0C91BC942}") = "Simulator", "Simulator\Simulator.vcxproj", "{6F05DAC1-4FEF-4D11-B177-4FB26A217AE8}"
	ProjectSection(ProjectDependencies) = postProject
		{03FDAE50-62C6-463A-8235-764094E593E7} = {03FDAE50-62C6-463A-8235-764094E593E7}
	EndProjectSection
EndProject
Project("{8BC9CEB8-8B4A-11D0-8D11-00A0C91BC942}") = "Checker", "Checker\Checker.vcxproj", "{03FDAE50-62C6-463A-8235-764094E593E7}"
EndProject
Project("{FAE04EC0-301F-11D3-BF4B-00C04F79EFBC}") = "Analyzer", "Analyzer\Analyzer.csproj", "{E32914F2-9480-4DE0-9A8B-99215D51BC9D}"
EndProject
Global
	GlobalSection(SolutionConfigurationPlatforms) = preSolution
		Debug|Any CPU = Debug|Any CPU
		Debug|x64 = Debug|x64
		Debug|x86 = Debug|x86
		Release|Any CPU = Release|Any CPU
		Release|x64 = Release|x64
		Release|x86 = Release|x86
	EndGlobalSection
	GlobalSection(ProjectConfigurationPlatforms) = postSolution
		{56943A84-2134-44AE-81B9-990E01250A48}.Debug|Any CPU.ActiveCfg = Debug|Win32
		{56943A84-2134-44AE-81B9-990E01250A48}.Debug|x64.ActiveCfg = Debug|x64
		{56943A84-2134-44AE-81B9-990E01250A48}.Debug|x64.Build.0 = Debug|x64
		{56943A84-2134-44AE-81B9-990E01250A48}.Debug|x86.ActiveCfg = Debug|Win32
		{56943A84-2134-44AE-81B9-990E01250A48}.Debug|x86.Build.0 = Debug|Win32
		{56943A84-2134-44AE-81B9-990E01250A48}.Release|Any CPU.ActiveCfg = Release|Win32
		{56943A84-2134-44AE-81B9-990E01250A48}.Release|x64.ActiveCfg = Release|x64
		{56943A84-2134-44AE-81B9-990E01250A48}.Release|x64.Build.0 = Release|x64
		{56943A84-2134-44AE-81B9-990E01250A48}.Release|x86.ActiveCfg = Release|Win32
		{56943A84-2134-44AE-81B9-990E01250A48}.Release|x86.Build.0 = Release|Win32
		{6F05DAC1-4FEF-4D11-B177-4FB26A217AE8}.Debug|Any CPU.ActiveCfg = Debug|Win32
		{6F05DAC1-4FEF-4D11-B177-4FB26A217AE8}.Debug|x64.ActiveCfg = Debug|x64
		{6F05DAC1-4FEF-4D11-B177-4FB26A217AE8}.Debug|x64.Build.0 = Debug|x64
		{6F05DAC1-4FEF-4D11-B177-4FB26A217AE8}.Debug|x86.ActiveCfg = Debug|Win32
		{6F05DAC1-4FEF-4D11-B177-4FB26A217AE8}.Debug|x86.Build.0 = Debug|Win32
		{6F05DAC1-4FEF-4D11-B177-4FB26A217AE8}.Release|Any CPU.ActiveCfg = Release|Win32
		{6F05DAC1-4FEF-4D11-B177-4FB26A217AE8}.Release|x64.ActiveCfg = Release|x64
		{6F05DAC1-4FEF-4D11-B177-4FB26A217AE8}.Release|x64.Build.0 = Release|x64
		{6F05DAC1-4FEF-4D11-B177-4FB26A217AE8}.Release|x86.ActiveCfg = Release|Win32
		{6F05DAC1-4FEF-4D11-B177-4FB26A217AE8}.Release|x86.Build.0 = Release|Win32
		{03FDAE50-62C6-463A-8235-764094E593E7}.Debug|Any CPU.ActiveCfg = Debug|Win32
		{03FDAE50-62C6-463A-8235-764094E593E7}.Debug|x64.ActiveCfg = Debug|x64
		{03FDAE50-62C6-463A-8235-764094E593E7}.Debug|x64.Build.0 = Debug|x64
		{03FDAE50-62C6-463A-8235-764094E593E7}.Debug|x86.ActiveCfg = Debug|Win32
		{03FDAE50-62C6-463A-8235-764094E593E7}.Debug|x86.Build.0 = Debug|Win32
		{03FDAE50-62C6-463A-8235-764094E593E7}.Release|Any CPU.ActiveCfg = Release|Win32
		{03FDAE50-62C6-463A-8235-764094E593E7}.Release|x64.ActiveCfg = Release|x64
		{03FDAE50-62C6-463A-8235-764094E593E7}.Release|x64.Build.0 = Release|x64
		{03FDAE50-62C6-463A-8235-764094E593E7}.Release|x86.ActiveCfg = Release|Win32
		{03FDAE50-62C6-463A-8235-764094E593E7}.Release|x86.Build.0 = Release|Win32
		{E32914F2-9480-4DE0-9A8B-99215D51BC9D}.Debug|Any CPU.ActiveCfg = Debug|Any CPU
		{E32914F2-9480-4DE0-9A8B-99215D51BC9D}.Debug|Any CPU.Build.0 = Debug|Any CPU
		{E32914F2-9480-4DE0-9A8B-99215D51BC9D}.Debug|x64.ActiveCfg = Debug|Any CPU
		{E32914F2-9480-4DE0-9A8B-99215D51BC9D}.Debug|x64.Build.0 = Debug|Any CPU
		{E32914F2-9480-4DE0-9A8B-99215D51BC9D}.Debug|x86.ActiveCfg = Debug|Any CPU
		{E32914F2-9480-4DE0-9A8B-99215D51BC9D}.Debug|x86.Build.0 = Debug|Any CPU
		{E32914F2-9480-4DE0-9A8B-99215D51BC9D}.Release|Any CPU.ActiveCfg = Release|Any CPU
		{E32914F2-9480-4DE0-9A8B-99215D51BC9D}.Release|Any CPU.Build.0 = Release|Any CPU
		{E32914F2-9480-4DE0-9A8B-99215D51BC9D}.Release|x64.ActiveCfg = Release|Any CPU
		{E32914F2-9480-4DE0-9A8B-99215D51BC9D}.Release|x64.Build.0 = Release|Any CPU
		{E32914F2-9480-4DE0-9A8B-99215D51BC9D}.Release|x86.ActiveCfg = Release|Any CPU
		{E32914F2-9480-4DE0-9A8B-99215D51BC9D}.Release|x86.Build.0 = Release|Any CPU
	EndGlobalSection
	GlobalSection(SolutionProperties) = preSolution
		HideSolutionNode = FALSE
	EndGlobalSection
	GlobalSection(ExtensibilityGlobals) = postSolution
		SolutionGuid = {938D9F49-E12A-4FD6-96A7-E3E656C30923}
	EndGlobalSection
EndGlobal
